
Microsoft Visual Studio Solution File, Format Version 12.00
# Visual Studio Version 16
VisualStudioVersion = 16.0.30002.166
MinimumVisualStudioVersion = 10.0.40219.1
Project("{9A19103F-16F7-4668-BE54-9A1E7A4F7556}") = "QuantityMeasurementAPI", "QuantityMeasurementAPI.csproj", "{45722E67-4E4C-4B07-99C9-401FACC4B8A1}"
EndProject
Project("{9A19103F-16F7-4668-BE54-9A1E7A4F7556}") = "BusinessLayer", "..\BusinessLayer\BusinessLayer.csproj", "{9A31EC7C-1D31-4FD9-B2AA-2BCF360AA1C5}"
EndProject
Project("{9A19103F-16F7-4668-BE54-9A1E7A4F7556}") = "CommonLayer", "..\CommonLayer\CommonLayer.csproj", "{09AAAA3B-484B-4FCA-AFD3-26504D29A052}"
EndProject
Project("{9A19103F-16F7-4668-BE54-9A1E7A4F7556}") = "RepositoryLayer", "..\RepositoryLayer\RepositoryLayer.csproj", "{C1D2DE44-8B62-4963-B04D-F5BECEDC070A}"
EndProject
Project("{FAE04EC0-301F-11D3-BF4B-00C04F79EFBC}") = "QuantityMeasuremetXUnitTests", "..\QuantityMeasuremetXUnitTests\QuantityMeasuremetXUnitTests.csproj", "{3F90120A-4CC4-4A61-96DC-3AB97C3E1620}"
EndProject
Global
	GlobalSection(SolutionConfigurationPlatforms) = preSolution
		Debug|Any CPU = Debug|Any CPU
		Release|Any CPU = Release|Any CPU
	EndGlobalSection
	GlobalSection(ProjectConfigurationPlatforms) = postSolution
		{45722E67-4E4C-4B07-99C9-401FACC4B8A1}.Debug|Any CPU.ActiveCfg = Debug|Any CPU
		{45722E67-4E4C-4B07-99C9-401FACC4B8A1}.Debug|Any CPU.Build.0 = Debug|Any CPU
		{45722E67-4E4C-4B07-99C9-401FACC4B8A1}.Release|Any CPU.ActiveCfg = Release|Any CPU
		{45722E67-4E4C-4B07-99C9-401FACC4B8A1}.Release|Any CPU.Build.0 = Release|Any CPU
		{9A31EC7C-1D31-4FD9-B2AA-2BCF360AA1C5}.Debug|Any CPU.ActiveCfg = Debug|Any CPU
		{9A31EC7C-1D31-4FD9-B2AA-2BCF360AA1C5}.Debug|Any CPU.Build.0 = Debug|Any CPU
		{9A31EC7C-1D31-4FD9-B2AA-2BCF360AA1C5}.Release|Any CPU.ActiveCfg = Release|Any CPU
		{9A31EC7C-1D31-4FD9-B2AA-2BCF360AA1C5}.Release|Any CPU.Build.0 = Release|Any CPU
		{09AAAA3B-484B-4FCA-AFD3-26504D29A052}.Debug|Any CPU.ActiveCfg = Debug|Any CPU
		{09AAAA3B-484B-4FCA-AFD3-26504D29A052}.Debug|Any CPU.Build.0 = Debug|Any CPU
		{09AAAA3B-484B-4FCA-AFD3-26504D29A052}.Release|Any CPU.ActiveCfg = Release|Any CPU
		{09AAAA3B-484B-4FCA-AFD3-26504D29A052}.Release|Any CPU.Build.0 = Release|Any CPU
		{C1D2DE44-8B62-4963-B04D-F5BECEDC070A}.Debug|Any CPU.ActiveCfg = Debug|Any CPU
		{C1D2DE44-8B62-4963-B04D-F5BECEDC070A}.Debug|Any CPU.Build.0 = Debug|Any CPU
		{C1D2DE44-8B62-4963-B04D-F5BECEDC070A}.Release|Any CPU.ActiveCfg = Release|Any CPU
		{C1D2DE44-8B62-4963-B04D-F5BECEDC070A}.Release|Any CPU.Build.0 = Release|Any CPU
		{3F90120A-4CC4-4A61-96DC-3AB97C3E1620}.Debug|Any CPU.ActiveCfg = Debug|Any CPU
		{3F90120A-4CC4-4A61-96DC-3AB97C3E1620}.Debug|Any CPU.Build.0 = Debug|Any CPU
		{3F90120A-4CC4-4A61-96DC-3AB97C3E1620}.Release|Any CPU.ActiveCfg = Release|Any CPU
		{3F90120A-4CC4-4A61-96DC-3AB97C3E1620}.Release|Any CPU.Build.0 = Release|Any CPU
	EndGlobalSection
	GlobalSection(SolutionProperties) = preSolution
		HideSolutionNode = FALSE
	EndGlobalSection
	GlobalSection(ExtensibilityGlobals) = postSolution
		SolutionGuid = {29E13F6B-48E4-4E1B-ABB3-AED896065FEF}
	EndGlobalSection
EndGlobal
